github.com/ryanuber/columnize v2.1.2+incompatible h1:C89EOx/XBWwIXl8wm8OPJBd7kPF25UfsK2X7Ph/zCAk=
github.com/ryanuber/columnize v2.1.2+incompatible/go.mod h1:sm1tb6uqfes/u+d4ooFouqFdy9/2g9QGwK3SQygK0Ts=
github.com/vardius/progress-go v0.0.0-20210725070013-c85a970b9413 h1:VH7RD65HZLce6XNiIWioH9ch+SeP8jDoIEuO81Bs/A8=
github.com/vardius/progress-go v0.0.0-20210725070013-c85a970b9413/go.mod h1:MgZ6ta/8cilzOLFu2ciT8/RXHziZTUwwz8Fk49n0+BM=
